
Microsoft Visual Studio Solution File, Format Version 12.00
# Visual Studio Version 16
VisualStudioVersion = 16.0.30011.22
MinimumVisualStudioVersion = 10.0.40219.1
Project("{FAE04EC0-301F-11D3-BF4B-00C04F79EFBC}") = "spelare", "spelare\spelare.csproj", "{3A673F95-69EC-4C37-90B9-14327E982ADA}"
EndProject
Global
	GlobalSection(SolutionConfigurationPlatforms) = preSolution
		Debug|Any CPU = Debug|Any CPU
		Release|Any CPU = Release|Any CPU
	EndGlobalSection
	GlobalSection(ProjectConfigurationPlatforms) = postSolution
		{3A673F95-69EC-4C37-90B9-14327E982ADA}.Debug|Any CPU.ActiveCfg = Debug|Any CPU
		{3A673F95-69EC-4C37-90B9-14327E982ADA}.Debug|Any CPU.Build.0 = Debug|Any CPU
		{3A673F95-69EC-4C37-90B9-14327E982ADA}.Release|Any CPU.ActiveCfg = Release|Any CPU
		{3A673F95-69EC-4C37-90B9-14327E982ADA}.Release|Any CPU.Build.0 = Release|Any CPU
	EndGlobalSection
	GlobalSection(SolutionProperties) = preSolution
		HideSolutionNode = FALSE
	EndGlobalSection
	GlobalSection(ExtensibilityGlobals) = postSolution
		SolutionGuid = {20D120EA-40B4-4BB9-B6BC-688CE574E200}
	EndGlobalSection
EndGlobal
